// !$*UTF8*$!
{
	archiveVersion = 1;
	classes = {
	};
	objectVersion = 55;
	objects = {

/* Begin PBXBuildFile section */
		463C421053CA1A111AF6AC0B /* Pods_TMDbAlfagift.framework in Frameworks */ = {isa = PBXBuildFile; fileRef = 865F338F80EC85969A986F49 /* Pods_TMDbAlfagift.framework */; };
		4C23AF9228D4AB5B0085AD91 /* AppDelegate.swift in Sources */ = {isa = PBXBuildFile; fileRef = 4C23AF9128D4AB5B0085AD91 /* AppDelegate.swift */; };
		4C23AF9B28D4AB5D0085AD91 /* Assets.xcassets in Resources */ = {isa = PBXBuildFile; fileRef = 4C23AF9A28D4AB5D0085AD91 /* Assets.xcassets */; };
		4C23AF9E28D4AB5D0085AD91 /* LaunchScreen.storyboard in Resources */ = {isa = PBXBuildFile; fileRef = 4C23AF9C28D4AB5D0085AD91 /* LaunchScreen.storyboard */; };
		4C23AFA928D4AB5D0085AD91 /* TMDbAlfagiftTests.swift in Sources */ = {isa = PBXBuildFile; fileRef = 4C23AFA828D4AB5D0085AD91 /* TMDbAlfagiftTests.swift */; };
		4C23AFB328D4AB5D0085AD91 /* TMDbAlfagiftUITests.swift in Sources */ = {isa = PBXBuildFile; fileRef = 4C23AFB228D4AB5D0085AD91 /* TMDbAlfagiftUITests.swift */; };
		4C23AFB528D4AB5D0085AD91 /* TMDbAlfagiftUITestsLaunchTests.swift in Sources */ = {isa = PBXBuildFile; fileRef = 4C23AFB428D4AB5D0085AD91 /* TMDbAlfagiftUITestsLaunchTests.swift */; };
		4C70446428D4B1E100F8C679 /* MainViewController.swift in Sources */ = {isa = PBXBuildFile; fileRef = 4C70446228D4B1E100F8C679 /* MainViewController.swift */; };
		4C70446528D4B1E100F8C679 /* MainViewController.xib in Resources */ = {isa = PBXBuildFile; fileRef = 4C70446328D4B1E100F8C679 /* MainViewController.xib */; };
		4CF841B228D55E9F00DB5A0A /* MoviePosterCollectionViewCell.swift in Sources */ = {isa = PBXBuildFile; fileRef = 4CF841B028D55E9F00DB5A0A /* MoviePosterCollectionViewCell.swift */; };
		4CF841B328D55E9F00DB5A0A /* MoviePosterCollectionViewCell.xib in Resources */ = {isa = PBXBuildFile; fileRef = 4CF841B128D55E9F00DB5A0A /* MoviePosterCollectionViewCell.xib */; };
		4CF841B628D55F5700DB5A0A /* MainViewModel.swift in Sources */ = {isa = PBXBuildFile; fileRef = 4CF841B528D55F5700DB5A0A /* MainViewModel.swift */; };
		4CF841BA28D5614800DB5A0A /* MovieInfo.swift in Sources */ = {isa = PBXBuildFile; fileRef = 4CF841B928D5614800DB5A0A /* MovieInfo.swift */; };
		4CF841BD28D561C400DB5A0A /* NetworkManager.swift in Sources */ = {isa = PBXBuildFile; fileRef = 4CF841BC28D561C400DB5A0A /* NetworkManager.swift */; };
		4CF841BF28D5621A00DB5A0A /* NowPlayingResponse.swift in Sources */ = {isa = PBXBuildFile; fileRef = 4CF841BE28D5621A00DB5A0A /* NowPlayingResponse.swift */; };
		87A9C9FA4058D7C01FEA2362 /* Pods_TMDbAlfagiftTests.framework in Frameworks */ = {isa = PBXBuildFile; fileRef = 89B7B27B13E6C0C6BA38D58C /* Pods_TMDbAlfagiftTests.framework */; };
		DAC2AA3492693EE2DF76C6B1 /* Pods_TMDbAlfagift_TMDbAlfagiftUITests.framework in Frameworks */ = {isa = PBXBuildFile; fileRef = 7D9481F2CEFE0D64BB53EDDC /* Pods_TMDbAlfagift_TMDbAlfagiftUITests.framework */; };
/* End PBXBuildFile section */

/* Begin PBXContainerItemProxy section */
		4C23AFA528D4AB5D0085AD91 /* PBXContainerItemProxy */ = {
			isa = PBXContainerItemProxy;
			containerPortal = 4C23AF8628D4AB5A0085AD91 /* Project object */;
			proxyType = 1;
			remoteGlobalIDString = 4C23AF8D28D4AB5A0085AD91;
			remoteInfo = TMDbAlfagift;
		};
		4C23AFAF28D4AB5D0085AD91 /* PBXContainerItemProxy */ = {
			isa = PBXContainerItemProxy;
			containerPortal = 4C23AF8628D4AB5A0085AD91 /* Project object */;
			proxyType = 1;
			remoteGlobalIDString = 4C23AF8D28D4AB5A0085AD91;
			remoteInfo = TMDbAlfagift;
		};
/* End PBXContainerItemProxy section */

/* Begin PBXFileReference section */
		41A404D198E8FE8EDB5C40F1 /* Pods-TMDbAlfagift.debug.xcconfig */ = {isa = PBXFileReference; includeInIndex = 1; lastKnownFileType = text.xcconfig; name = "Pods-TMDbAlfagift.debug.xcconfig"; path = "Target Support Files/Pods-TMDbAlfagift/Pods-TMDbAlfagift.debug.xcconfig"; sourceTree = "<group>"; };
		4C23AF8E28D4AB5B0085AD91 /* TMDbAlfagift.app */ = {isa = PBXFileReference; explicitFileType = wrapper.application; includeInIndex = 0; path = TMDbAlfagift.app; sourceTree = BUILT_PRODUCTS_DIR; };
		4C23AF9128D4AB5B0085AD91 /* AppDelegate.swift */ = {isa = PBXFileReference; lastKnownFileType = sourcecode.swift; path = AppDelegate.swift; sourceTree = "<group>"; };
		4C23AF9A28D4AB5D0085AD91 /* Assets.xcassets */ = {isa = PBXFileReference; lastKnownFileType = folder.assetcatalog; path = Assets.xcassets; sourceTree = "<group>"; };
		4C23AF9D28D4AB5D0085AD91 /* Base */ = {isa = PBXFileReference; lastKnownFileType = file.storyboard; name = Base; path = Base.lproj/LaunchScreen.storyboard; sourceTree = "<group>"; };
		4C23AF9F28D4AB5D0085AD91 /* Info.plist */ = {isa = PBXFileReference; lastKnownFileType = text.plist.xml; path = Info.plist; sourceTree = "<group>"; };
		4C23AFA428D4AB5D0085AD91 /* TMDbAlfagiftTests.xctest */ = {isa = PBXFileReference; explicitFileType = wrapper.cfbundle; includeInIndex = 0; path = TMDbAlfagiftTests.xctest; sourceTree = BUILT_PRODUCTS_DIR; };
		4C23AFA828D4AB5D0085AD91 /* TMDbAlfagiftTests.swift */ = {isa = PBXFileReference; lastKnownFileType = sourcecode.swift; path = TMDbAlfagiftTests.swift; sourceTree = "<group>"; };
		4C23AFAE28D4AB5D0085AD91 /* TMDbAlfagiftUITests.xctest */ = {isa = PBXFileReference; explicitFileType = wrapper.cfbundle; includeInIndex = 0; path = TMDbAlfagiftUITests.xctest; sourceTree = BUILT_PRODUCTS_DIR; };
		4C23AFB228D4AB5D0085AD91 /* TMDbAlfagiftUITests.swift */ = {isa = PBXFileReference; lastKnownFileType = sourcecode.swift; path = TMDbAlfagiftUITests.swift; sourceTree = "<group>"; };
		4C23AFB428D4AB5D0085AD91 /* TMDbAlfagiftUITestsLaunchTests.swift */ = {isa = PBXFileReference; lastKnownFileType = sourcecode.swift; path = TMDbAlfagiftUITestsLaunchTests.swift; sourceTree = "<group>"; };
		4C70446228D4B1E100F8C679 /* MainViewController.swift */ = {isa = PBXFileReference; lastKnownFileType = sourcecode.swift; path = MainViewController.swift; sourceTree = "<group>"; };
		4C70446328D4B1E100F8C679 /* MainViewController.xib */ = {isa = PBXFileReference; lastKnownFileType = file.xib; path = MainViewController.xib; sourceTree = "<group>"; };
		4CF841B028D55E9F00DB5A0A /* MoviePosterCollectionViewCell.swift */ = {isa = PBXFileReference; lastKnownFileType = sourcecode.swift; path = MoviePosterCollectionViewCell.swift; sourceTree = "<group>"; };
		4CF841B128D55E9F00DB5A0A /* MoviePosterCollectionViewCell.xib */ = {isa = PBXFileReference; lastKnownFileType = file.xib; path = MoviePosterCollectionViewCell.xib; sourceTree = "<group>"; };
		4CF841B528D55F5700DB5A0A /* MainViewModel.swift */ = {isa = PBXFileReference; lastKnownFileType = sourcecode.swift; path = MainViewModel.swift; sourceTree = "<group>"; };
		4CF841B928D5614800DB5A0A /* MovieInfo.swift */ = {isa = PBXFileReference; lastKnownFileType = sourcecode.swift; path = MovieInfo.swift; sourceTree = "<group>"; };
		4CF841BC28D561C400DB5A0A /* NetworkManager.swift */ = {isa = PBXFileReference; lastKnownFileType = sourcecode.swift; path = NetworkManager.swift; sourceTree = "<group>"; };
		4CF841BE28D5621A00DB5A0A /* NowPlayingResponse.swift */ = {isa = PBXFileReference; lastKnownFileType = sourcecode.swift; path = NowPlayingResponse.swift; sourceTree = "<group>"; };
		54AF733333AF20B96196C0B3 /* Pods-TMDbAlfagift.release.xcconfig */ = {isa = PBXFileReference; includeInIndex = 1; lastKnownFileType = text.xcconfig; name = "Pods-TMDbAlfagift.release.xcconfig"; path = "Target Support Files/Pods-TMDbAlfagift/Pods-TMDbAlfagift.release.xcconfig"; sourceTree = "<group>"; };
		6EB5F665C2300BC4C7E97BE7 /* Pods-TMDbAlfagiftTests.release.xcconfig */ = {isa = PBXFileReference; includeInIndex = 1; lastKnownFileType = text.xcconfig; name = "Pods-TMDbAlfagiftTests.release.xcconfig"; path = "Target Support Files/Pods-TMDbAlfagiftTests/Pods-TMDbAlfagiftTests.release.xcconfig"; sourceTree = "<group>"; };
		7D9481F2CEFE0D64BB53EDDC /* Pods_TMDbAlfagift_TMDbAlfagiftUITests.framework */ = {isa = PBXFileReference; explicitFileType = wrapper.framework; includeInIndex = 0; path = Pods_TMDbAlfagift_TMDbAlfagiftUITests.framework; sourceTree = BUILT_PRODUCTS_DIR; };
		865F338F80EC85969A986F49 /* Pods_TMDbAlfagift.framework */ = {isa = PBXFileReference; explicitFileType = wrapper.framework; includeInIndex = 0; path = Pods_TMDbAlfagift.framework; sourceTree = BUILT_PRODUCTS_DIR; };
		89B7B27B13E6C0C6BA38D58C /* Pods_TMDbAlfagiftTests.framework */ = {isa = PBXFileReference; explicitFileType = wrapper.framework; includeInIndex = 0; path = Pods_TMDbAlfagiftTests.framework; sourceTree = BUILT_PRODUCTS_DIR; };
		A018FC42BE769865537C96DC /* Pods-TMDbAlfagift-TMDbAlfagiftUITests.release.xcconfig */ = {isa = PBXFileReference; includeInIndex = 1; lastKnownFileType = text.xcconfig; name = "Pods-TMDbAlfagift-TMDbAlfagiftUITests.release.xcconfig"; path = "Target Support Files/Pods-TMDbAlfagift-TMDbAlfagiftUITests/Pods-TMDbAlfagift-TMDbAlfagiftUITests.release.xcconfig"; sourceTree = "<group>"; };
		D426357566A66A92797AAE5F /* Pods-TMDbAlfagift-TMDbAlfagiftUITests.debug.xcconfig */ = {isa = PBXFileReference; includeInIndex = 1; lastKnownFileType = text.xcconfig; name = "Pods-TMDbAlfagift-TMDbAlfagiftUITests.debug.xcconfig"; path = "Target Support Files/Pods-TMDbAlfagift-TMDbAlfagiftUITests/Pods-TMDbAlfagift-TMDbAlfagiftUITests.debug.xcconfig"; sourceTree = "<group>"; };
		F13DC50A281BCBFB984DCF4E /* Pods-TMDbAlfagiftTests.debug.xcconfig */ = {isa = PBXFileReference; includeInIndex = 1; lastKnownFileType = text.xcconfig; name = "Pods-TMDbAlfagiftTests.debug.xcconfig"; path = "Target Support Files/Pods-TMDbAlfagiftTests/Pods-TMDbAlfagiftTests.debug.xcconfig"; sourceTree = "<group>"; };
/* End PBXFileReference section */

/* Begin PBXFrameworksBuildPhase section */
		4C23AF8B28D4AB5A0085AD91 /* Frameworks */ = {
			isa = PBXFrameworksBuildPhase;
			buildActionMask = 2147483647;
			files = (
				463C421053CA1A111AF6AC0B /* Pods_TMDbAlfagift.framework in Frameworks */,
			);
			runOnlyForDeploymentPostprocessing = 0;
		};
		4C23AFA128D4AB5D0085AD91 /* Frameworks */ = {
			isa = PBXFrameworksBuildPhase;
			buildActionMask = 2147483647;
			files = (
				87A9C9FA4058D7C01FEA2362 /* Pods_TMDbAlfagiftTests.framework in Frameworks */,
			);
			runOnlyForDeploymentPostprocessing = 0;
		};
		4C23AFAB28D4AB5D0085AD91 /* Frameworks */ = {
			isa = PBXFrameworksBuildPhase;
			buildActionMask = 2147483647;
			files = (
				DAC2AA3492693EE2DF76C6B1 /* Pods_TMDbAlfagift_TMDbAlfagiftUITests.framework in Frameworks */,
			);
			runOnlyForDeploymentPostprocessing = 0;
		};
/* End PBXFrameworksBuildPhase section */

/* Begin PBXGroup section */
		4C23AF8528D4AB5A0085AD91 = {
			isa = PBXGroup;
			children = (
				4C23AF9028D4AB5B0085AD91 /* TMDbAlfagift */,
				4C23AFA728D4AB5D0085AD91 /* TMDbAlfagiftTests */,
				4C23AFB128D4AB5D0085AD91 /* TMDbAlfagiftUITests */,
				4C23AF8F28D4AB5B0085AD91 /* Products */,
				7C0F404E0CE1EE7E43D2C0AE /* Pods */,
				963728A02E956BF509F81FD9 /* Frameworks */,
			);
			sourceTree = "<group>";
		};
		4C23AF8F28D4AB5B0085AD91 /* Products */ = {
			isa = PBXGroup;
			children = (
				4C23AF8E28D4AB5B0085AD91 /* TMDbAlfagift.app */,
				4C23AFA428D4AB5D0085AD91 /* TMDbAlfagiftTests.xctest */,
				4C23AFAE28D4AB5D0085AD91 /* TMDbAlfagiftUITests.xctest */,
			);
			name = Products;
			sourceTree = "<group>";
		};
		4C23AF9028D4AB5B0085AD91 /* TMDbAlfagift */ = {
			isa = PBXGroup;
			children = (
				4C23AF9F28D4AB5D0085AD91 /* Info.plist */,
				4CF841B828D5613A00DB5A0A /* Models */,
				4CF841A728D55C6200DB5A0A /* Common */,
				4CF841A828D55C6700DB5A0A /* Core */,
				4CF841A928D55CCB00DB5A0A /* Features */,
				4CF841AA28D55CF300DB5A0A /* Resources */,
			);
			path = TMDbAlfagift;
			sourceTree = "<group>";
		};
		4C23AFA728D4AB5D0085AD91 /* TMDbAlfagiftTests */ = {
			isa = PBXGroup;
			children = (
				4C23AFA828D4AB5D0085AD91 /* TMDbAlfagiftTests.swift */,
			);
			path = TMDbAlfagiftTests;
			sourceTree = "<group>";
		};
		4C23AFB128D4AB5D0085AD91 /* TMDbAlfagiftUITests */ = {
			isa = PBXGroup;
			children = (
				4C23AFB228D4AB5D0085AD91 /* TMDbAlfagiftUITests.swift */,
				4C23AFB428D4AB5D0085AD91 /* TMDbAlfagiftUITestsLaunchTests.swift */,
			);
			path = TMDbAlfagiftUITests;
			sourceTree = "<group>";
		};
		4CF841A728D55C6200DB5A0A /* Common */ = {
			isa = PBXGroup;
			children = (
				4CF841BB28D561AF00DB5A0A /* Networking */,
			);
			path = Common;
			sourceTree = "<group>";
		};
		4CF841A828D55C6700DB5A0A /* Core */ = {
			isa = PBXGroup;
			children = (
				4C23AF9C28D4AB5D0085AD91 /* LaunchScreen.storyboard */,
				4C23AF9128D4AB5B0085AD91 /* AppDelegate.swift */,
			);
			path = Core;
			sourceTree = "<group>";
		};
		4CF841A928D55CCB00DB5A0A /* Features */ = {
			isa = PBXGroup;
			children = (
				4CF841AB28D55D0C00DB5A0A /* Main */,
			);
			path = Features;
			sourceTree = "<group>";
		};
		4CF841AA28D55CF300DB5A0A /* Resources */ = {
			isa = PBXGroup;
			children = (
				4C23AF9A28D4AB5D0085AD91 /* Assets.xcassets */,
			);
			path = Resources;
			sourceTree = "<group>";
		};
		4CF841AB28D55D0C00DB5A0A /* Main */ = {
			isa = PBXGroup;
			children = (
				4CF841B728D560CD00DB5A0A /* View */,
				4CF841AE28D55D2600DB5A0A /* View Model */,
			);
			path = Main;
			sourceTree = "<group>";
		};
		4CF841AD28D55D1D00DB5A0A /* ViewController */ = {
			isa = PBXGroup;
			children = (
				4C70446228D4B1E100F8C679 /* MainViewController.swift */,
				4C70446328D4B1E100F8C679 /* MainViewController.xib */,
			);
			path = ViewController;
			sourceTree = "<group>";
		};
		4CF841AE28D55D2600DB5A0A /* View Model */ = {
			isa = PBXGroup;
			children = (
				4CF841B528D55F5700DB5A0A /* MainViewModel.swift */,
			);
			path = "View Model";
			sourceTree = "<group>";
		};
		4CF841AF28D55E5300DB5A0A /* CollectionViewCell */ = {
			isa = PBXGroup;
			children = (
				4CF841B028D55E9F00DB5A0A /* MoviePosterCollectionViewCell.swift */,
				4CF841B128D55E9F00DB5A0A /* MoviePosterCollectionViewCell.xib */,
			);
			path = CollectionViewCell;
			sourceTree = "<group>";
		};
		4CF841B728D560CD00DB5A0A /* View */ = {
			isa = PBXGroup;
			children = (
				4CF841AD28D55D1D00DB5A0A /* ViewController */,
				4CF841AF28D55E5300DB5A0A /* CollectionViewCell */,
			);
			path = View;
			sourceTree = "<group>";
		};
		4CF841B828D5613A00DB5A0A /* Models */ = {
			isa = PBXGroup;
			children = (
				4CF841B928D5614800DB5A0A /* MovieInfo.swift */,
				4CF841BE28D5621A00DB5A0A /* NowPlayingResponse.swift */,
			);
			path = Models;
			sourceTree = "<group>";
		};
		4CF841BB28D561AF00DB5A0A /* Networking */ = {
			isa = PBXGroup;
			children = (
				4CF841BC28D561C400DB5A0A /* NetworkManager.swift */,
			);
			path = Networking;
			sourceTree = "<group>";
		};
		7C0F404E0CE1EE7E43D2C0AE /* Pods */ = {
			isa = PBXGroup;
			children = (
				41A404D198E8FE8EDB5C40F1 /* Pods-TMDbAlfagift.debug.xcconfig */,
				54AF733333AF20B96196C0B3 /* Pods-TMDbAlfagift.release.xcconfig */,
				D426357566A66A92797AAE5F /* Pods-TMDbAlfagift-TMDbAlfagiftUITests.debug.xcconfig */,
				A018FC42BE769865537C96DC /* Pods-TMDbAlfagift-TMDbAlfagiftUITests.release.xcconfig */,
				F13DC50A281BCBFB984DCF4E /* Pods-TMDbAlfagiftTests.debug.xcconfig */,
				6EB5F665C2300BC4C7E97BE7 /* Pods-TMDbAlfagiftTests.release.xcconfig */,
			);
			path = Pods;
			sourceTree = "<group>";
		};
		963728A02E956BF509F81FD9 /* Frameworks */ = {
			isa = PBXGroup;
			children = (
				865F338F80EC85969A986F49 /* Pods_TMDbAlfagift.framework */,
				7D9481F2CEFE0D64BB53EDDC /* Pods_TMDbAlfagift_TMDbAlfagiftUITests.framework */,
				89B7B27B13E6C0C6BA38D58C /* Pods_TMDbAlfagiftTests.framework */,
			);
			name = Frameworks;
			sourceTree = "<group>";
		};
/* End PBXGroup section */

/* Begin PBXNativeTarget section */
		4C23AF8D28D4AB5A0085AD91 /* TMDbAlfagift */ = {
			isa = PBXNativeTarget;
			buildConfigurationList = 4C23AFB828D4AB5D0085AD91 /* Build configuration list for PBXNativeTarget "TMDbAlfagift" */;
			buildPhases = (
				2770A7404465D14540BF55D4 /* [CP] Check Pods Manifest.lock */,
				4C23AF8A28D4AB5A0085AD91 /* Sources */,
				4C23AF8B28D4AB5A0085AD91 /* Frameworks */,
				4C23AF8C28D4AB5A0085AD91 /* Resources */,
				69480ADD53D01B108D398EA6 /* [CP] Embed Pods Frameworks */,
			);
			buildRules = (
			);
			dependencies = (
			);
			name = TMDbAlfagift;
			productName = TMDbAlfagift;
			productReference = 4C23AF8E28D4AB5B0085AD91 /* TMDbAlfagift.app */;
			productType = "com.apple.product-type.application";
		};
		4C23AFA328D4AB5D0085AD91 /* TMDbAlfagiftTests */ = {
			isa = PBXNativeTarget;
			buildConfigurationList = 4C23AFBB28D4AB5D0085AD91 /* Build configuration list for PBXNativeTarget "TMDbAlfagiftTests" */;
			buildPhases = (
				AFC61C1773581A8E5B5E51B0 /* [CP] Check Pods Manifest.lock */,
				4C23AFA028D4AB5D0085AD91 /* Sources */,
				4C23AFA128D4AB5D0085AD91 /* Frameworks */,
				4C23AFA228D4AB5D0085AD91 /* Resources */,
			);
			buildRules = (
			);
			dependencies = (
				4C23AFA628D4AB5D0085AD91 /* PBXTargetDependency */,
			);
			name = TMDbAlfagiftTests;
			productName = TMDbAlfagiftTests;
			productReference = 4C23AFA428D4AB5D0085AD91 /* TMDbAlfagiftTests.xctest */;
			productType = "com.apple.product-type.bundle.unit-test";
		};
		4C23AFAD28D4AB5D0085AD91 /* TMDbAlfagiftUITests */ = {
			isa = PBXNativeTarget;
			buildConfigurationList = 4C23AFBE28D4AB5D0085AD91 /* Build configuration list for PBXNativeTarget "TMDbAlfagiftUITests" */;
			buildPhases = (
				10CA2EBFA95B306A04AE77D3 /* [CP] Check Pods Manifest.lock */,
				4C23AFAA28D4AB5D0085AD91 /* Sources */,
				4C23AFAB28D4AB5D0085AD91 /* Frameworks */,
				4C23AFAC28D4AB5D0085AD91 /* Resources */,
				E800B06A2AEFDA132DB918EE /* [CP] Embed Pods Frameworks */,
			);
			buildRules = (
			);
			dependencies = (
				4C23AFB028D4AB5D0085AD91 /* PBXTargetDependency */,
			);
			name = TMDbAlfagiftUITests;
			productName = TMDbAlfagiftUITests;
			productReference = 4C23AFAE28D4AB5D0085AD91 /* TMDbAlfagiftUITests.xctest */;
			productType = "com.apple.product-type.bundle.ui-testing";
		};
/* End PBXNativeTarget section */

/* Begin PBXProject section */
		4C23AF8628D4AB5A0085AD91 /* Project object */ = {
			isa = PBXProject;
			attributes = {
				BuildIndependentTargetsInParallel = 1;
				LastSwiftUpdateCheck = 1330;
				LastUpgradeCheck = 1330;
				TargetAttributes = {
					4C23AF8D28D4AB5A0085AD91 = {
						CreatedOnToolsVersion = 13.3;
					};
					4C23AFA328D4AB5D0085AD91 = {
						CreatedOnToolsVersion = 13.3;
						TestTargetID = 4C23AF8D28D4AB5A0085AD91;
					};
					4C23AFAD28D4AB5D0085AD91 = {
						CreatedOnToolsVersion = 13.3;
						TestTargetID = 4C23AF8D28D4AB5A0085AD91;
					};
				};
			};
			buildConfigurationList = 4C23AF8928D4AB5A0085AD91 /* Build configuration list for PBXProject "TMDbAlfagift" */;
			compatibilityVersion = "Xcode 13.0";
			developmentRegion = en;
			hasScannedForEncodings = 0;
			knownRegions = (
				en,
				Base,
			);
			mainGroup = 4C23AF8528D4AB5A0085AD91;
			productRefGroup = 4C23AF8F28D4AB5B0085AD91 /* Products */;
			projectDirPath = "";
			projectRoot = "";
			targets = (
				4C23AF8D28D4AB5A0085AD91 /* TMDbAlfagift */,
				4C23AFA328D4AB5D0085AD91 /* TMDbAlfagiftTests */,
				4C23AFAD28D4AB5D0085AD91 /* TMDbAlfagiftUITests */,
			);
		};
/* End PBXProject section */

/* Begin PBXResourcesBuildPhase section */
		4C23AF8C28D4AB5A0085AD91 /* Resources */ = {
			isa = PBXResourcesBuildPhase;
			buildActionMask = 2147483647;
			files = (
				4C23AF9E28D4AB5D0085AD91 /* LaunchScreen.storyboard in Resources */,
				4C70446528D4B1E100F8C679 /* MainViewController.xib in Resources */,
				4CF841B328D55E9F00DB5A0A /* MoviePosterCollectionViewCell.xib in Resources */,
				4C23AF9B28D4AB5D0085AD91 /* Assets.xcassets in Resources */,
			);
			runOnlyForDeploymentPostprocessing = 0;
		};
		4C23AFA228D4AB5D0085AD91 /* Resources */ = {
			isa = PBXResourcesBuildPhase;
			buildActionMask = 2147483647;
			files = (
			);
			runOnlyForDeploymentPostprocessing = 0;
		};
		4C23AFAC28D4AB5D0085AD91 /* Resources */ = {
			isa = PBXResourcesBuildPhase;
			buildActionMask = 2147483647;
			files = (
			);
			runOnlyForDeploymentPostprocessing = 0;
		};
/* End PBXResourcesBuildPhase section */

/* Begin PBXShellScriptBuildPhase section */
		10CA2EBFA95B306A04AE77D3 /* [CP] Check Pods Manifest.lock */ = {
			isa = PBXShellScriptBuildPhase;
			buildActionMask = 2147483647;
			files = (
			);
			inputFileListPaths = (
			);
			inputPaths = (
				"${PODS_PODFILE_DIR_PATH}/Podfile.lock",
				"${PODS_ROOT}/Manifest.lock",
			);
			name = "[CP] Check Pods Manifest.lock";
			outputFileListPaths = (
			);
			outputPaths = (
				"$(DERIVED_FILE_DIR)/Pods-TMDbAlfagift-TMDbAlfagiftUITests-checkManifestLockResult.txt",
			);
			runOnlyForDeploymentPostprocessing = 0;
			shellPath = /bin/sh;
			shellScript = "diff \"${PODS_PODFILE_DIR_PATH}/Podfile.lock\" \"${PODS_ROOT}/Manifest.lock\" > /dev/null\nif [ $? != 0 ] ; then\n    # print error to STDERR\n    echo \"error: The sandbox is not in sync with the Podfile.lock. Run 'pod install' or update your CocoaPods installation.\" >&2\n    exit 1\nfi\n# This output is used by Xcode 'outputs' to avoid re-running this script phase.\necho \"SUCCESS\" > \"${SCRIPT_OUTPUT_FILE_0}\"\n";
			showEnvVarsInLog = 0;
		};
		2770A7404465D14540BF55D4 /* [CP] Check Pods Manifest.lock */ = {
			isa = PBXShellScriptBuildPhase;
			buildActionMask = 2147483647;
			files = (
			);
			inputFileListPaths = (
			);
			inputPaths = (
				"${PODS_PODFILE_DIR_PATH}/Podfile.lock",
				"${PODS_ROOT}/Manifest.lock",
			);
			name = "[CP] Check Pods Manifest.lock";
			outputFileListPaths = (
			);
			outputPaths = (
				"$(DERIVED_FILE_DIR)/Pods-TMDbAlfagift-checkManifestLockResult.txt",
			);
			runOnlyForDeploymentPostprocessing = 0;
			shellPath = /bin/sh;
			shellScript = "diff \"${PODS_PODFILE_DIR_PATH}/Podfile.lock\" \"${PODS_ROOT}/Manifest.lock\" > /dev/null\nif [ $? != 0 ] ; then\n    # print error to STDERR\n    echo \"error: The sandbox is not in sync with the Podfile.lock. Run 'pod install' or update your CocoaPods installation.\" >&2\n    exit 1\nfi\n# This output is used by Xcode 'outputs' to avoid re-running this script phase.\necho \"SUCCESS\" > \"${SCRIPT_OUTPUT_FILE_0}\"\n";
			showEnvVarsInLog = 0;
		};
		69480ADD53D01B108D398EA6 /* [CP] Embed Pods Frameworks */ = {
			isa = PBXShellScriptBuildPhase;
			buildActionMask = 2147483647;
			files = (
			);
			inputFileListPaths = (
				"${PODS_ROOT}/Target Support Files/Pods-TMDbAlfagift/Pods-TMDbAlfagift-frameworks-${CONFIGURATION}-input-files.xcfilelist",
			);
			name = "[CP] Embed Pods Frameworks";
			outputFileListPaths = (
				"${PODS_ROOT}/Target Support Files/Pods-TMDbAlfagift/Pods-TMDbAlfagift-frameworks-${CONFIGURATION}-output-files.xcfilelist",
			);
			runOnlyForDeploymentPostprocessing = 0;
			shellPath = /bin/sh;
			shellScript = "\"${PODS_ROOT}/Target Support Files/Pods-TMDbAlfagift/Pods-TMDbAlfagift-frameworks.sh\"\n";
			showEnvVarsInLog = 0;
		};
		AFC61C1773581A8E5B5E51B0 /* [CP] Check Pods Manifest.lock */ = {
			isa = PBXShellScriptBuildPhase;
			buildActionMask = 2147483647;
			files = (
			);
			inputFileListPaths = (
			);
			inputPaths = (
				"${PODS_PODFILE_DIR_PATH}/Podfile.lock",
				"${PODS_ROOT}/Manifest.lock",
			);
			name = "[CP] Check Pods Manifest.lock";
			outputFileListPaths = (
			);
			outputPaths = (
				"$(DERIVED_FILE_DIR)/Pods-TMDbAlfagiftTests-checkManifestLockResult.txt",
			);
			runOnlyForDeploymentPostprocessing = 0;
			shellPath = /bin/sh;
			shellScript = "diff \"${PODS_PODFILE_DIR_PATH}/Podfile.lock\" \"${PODS_ROOT}/Manifest.lock\" > /dev/null\nif [ $? != 0 ] ; then\n    # print error to STDERR\n    echo \"error: The sandbox is not in sync with the Podfile.lock. Run 'pod install' or update your CocoaPods installation.\" >&2\n    exit 1\nfi\n# This output is used by Xcode 'outputs' to avoid re-running this script phase.\necho \"SUCCESS\" > \"${SCRIPT_OUTPUT_FILE_0}\"\n";
			showEnvVarsInLog = 0;
		};
		E800B06A2AEFDA132DB918EE /* [CP] Embed Pods Frameworks */ = {
			isa = PBXShellScriptBuildPhase;
			buildActionMask = 2147483647;
			files = (
			);
			inputFileListPaths = (
				"${PODS_ROOT}/Target Support Files/Pods-TMDbAlfagift-TMDbAlfagiftUITests/Pods-TMDbAlfagift-TMDbAlfagiftUITests-frameworks-${CONFIGURATION}-input-files.xcfilelist",
			);
			name = "[CP] Embed Pods Frameworks";
			outputFileListPaths = (
				"${PODS_ROOT}/Target Support Files/Pods-TMDbAlfagift-TMDbAlfagiftUITests/Pods-TMDbAlfagift-TMDbAlfagiftUITests-frameworks-${CONFIGURATION}-output-files.xcfilelist",
			);
			runOnlyForDeploymentPostprocessing = 0;
			shellPath = /bin/sh;
			shellScript = "\"${PODS_ROOT}/Target Support Files/Pods-TMDbAlfagift-TMDbAlfagiftUITests/Pods-TMDbAlfagift-TMDbAlfagiftUITests-frameworks.sh\"\n";
			showEnvVarsInLog = 0;
		};
/* End PBXShellScriptBuildPhase section */

/* Begin PBXSourcesBuildPhase section */
		4C23AF8A28D4AB5A0085AD91 /* Sources */ = {
			isa = PBXSourcesBuildPhase;
			buildActionMask = 2147483647;
			files = (
				4CF841BD28D561C400DB5A0A /* NetworkManager.swift in Sources */,
				4CF841B228D55E9F00DB5A0A /* MoviePosterCollectionViewCell.swift in Sources */,
				4CF841BA28D5614800DB5A0A /* MovieInfo.swift in Sources */,
				4CF841BF28D5621A00DB5A0A /* NowPlayingResponse.swift in Sources */,
				4C70446428D4B1E100F8C679 /* MainViewController.swift in Sources */,
				4C23AF9228D4AB5B0085AD91 /* AppDelegate.swift in Sources */,
				4CF841B628D55F5700DB5A0A /* MainViewModel.swift in Sources */,
			);
			runOnlyForDeploymentPostprocessing = 0;
		};
		4C23AFA028D4AB5D0085AD91 /* Sources */ = {
			isa = PBXSourcesBuildPhase;
			buildActionMask = 2147483647;
			files = (
				4C23AFA928D4AB5D0085AD91 /* TMDbAlfagiftTests.swift in Sources */,
			);
			runOnlyForDeploymentPostprocessing = 0;
		};
		4C23AFAA28D4AB5D0085AD91 /* Sources */ = {
			isa = PBXSourcesBuildPhase;
			buildActionMask = 2147483647;
			files = (
				4C23AFB328D4AB5D0085AD91 /* TMDbAlfagiftUITests.swift in Sources */,
				4C23AFB528D4AB5D0085AD91 /* TMDbAlfagiftUITestsLaunchTests.swift in Sources */,
			);
			runOnlyForDeploymentPostprocessing = 0;
		};
/* End PBXSourcesBuildPhase section */

/* Begin PBXTargetDependency section */
		4C23AFA628D4AB5D0085AD91 /* PBXTargetDependency */ = {
			isa = PBXTargetDependency;
			target = 4C23AF8D28D4AB5A0085AD91 /* TMDbAlfagift */;
			targetProxy = 4C23AFA528D4AB5D0085AD91 /* PBXContainerItemProxy */;
		};
		4C23AFB028D4AB5D0085AD91 /* PBXTargetDependency */ = {
			isa = PBXTargetDependency;
			target = 4C23AF8D28D4AB5A0085AD91 /* TMDbAlfagift */;
			targetProxy = 4C23AFAF28D4AB5D0085AD91 /* PBXContainerItemProxy */;
		};
/* End PBXTargetDependency section */

/* Begin PBXVariantGroup section */
		4C23AF9C28D4AB5D0085AD91 /* LaunchScreen.storyboard */ = {
			isa = PBXVariantGroup;
			children = (
				4C23AF9D28D4AB5D0085AD91 /* Base */,
			);
			name = LaunchScreen.storyboard;
			sourceTree = "<group>";
		};
/* End PBXVariantGroup section */

/* Begin XCBuildConfiguration section */
		4C23AFB628D4AB5D0085AD91 /* Debug */ = {
			isa = XCBuildConfiguration;
			buildSettings = {
				ALWAYS_SEARCH_USER_PATHS = NO;
				CLANG_ANALYZER_NONNULL = YES;
				CLANG_ANALYZER_NUMBER_OBJECT_CONVERSION = YES_AGGRESSIVE;
				CLANG_CXX_LANGUAGE_STANDARD = "gnu++17";
				CLANG_ENABLE_MODULES = YES;
				CLANG_ENABLE_OBJC_ARC = YES;
				CLANG_ENABLE_OBJC_WEAK = YES;
				CLANG_WARN_BLOCK_CAPTURE_AUTORELEASING = YES;
				CLANG_WARN_BOOL_CONVERSION = YES;
				CLANG_WARN_COMMA = YES;
				CLANG_WARN_CONSTANT_CONVERSION = YES;
				CLANG_WARN_DEPRECATED_OBJC_IMPLEMENTATIONS = YES;
				CLANG_WARN_DIRECT_OBJC_ISA_USAGE = YES_ERROR;
				CLANG_WARN_DOCUMENTATION_COMMENTS = YES;
				CLANG_WARN_EMPTY_BODY = YES;
				CLANG_WARN_ENUM_CONVERSION = YES;
				CLANG_WARN_INFINITE_RECURSION = YES;
				CLANG_WARN_INT_CONVERSION = YES;
				CLANG_WARN_NON_LITERAL_NULL_CONVERSION = YES;
				CLANG_WARN_OBJC_IMPLICIT_RETAIN_SELF = YES;
				CLANG_WARN_OBJC_LITERAL_CONVERSION = YES;
				CLANG_WARN_OBJC_ROOT_CLASS = YES_ERROR;
				CLANG_WARN_QUOTED_INCLUDE_IN_FRAMEWORK_HEADER = YES;
				CLANG_WARN_RANGE_LOOP_ANALYSIS = YES;
				CLANG_WARN_STRICT_PROTOTYPES = YES;
				CLANG_WARN_SUSPICIOUS_MOVE = YES;
				CLANG_WARN_UNGUARDED_AVAILABILITY = YES_AGGRESSIVE;
				CLANG_WARN_UNREACHABLE_CODE = YES;
				CLANG_WARN__DUPLICATE_METHOD_MATCH = YES;
				COPY_PHASE_STRIP = NO;
				DEBUG_INFORMATION_FORMAT = dwarf;
				ENABLE_STRICT_OBJC_MSGSEND = YES;
				ENABLE_TESTABILITY = YES;
				GCC_C_LANGUAGE_STANDARD = gnu11;
				GCC_DYNAMIC_NO_PIC = NO;
				GCC_NO_COMMON_BLOCKS = YES;
				GCC_OPTIMIZATION_LEVEL = 0;
				GCC_PREPROCESSOR_DEFINITIONS = (
					"DEBUG=1",
					"$(inherited)",
				);
				GCC_WARN_64_TO_32_BIT_CONVERSION = YES;
				GCC_WARN_ABOUT_RETURN_TYPE = YES_ERROR;
				GCC_WARN_UNDECLARED_SELECTOR = YES;
				GCC_WARN_UNINITIALIZED_AUTOS = YES_AGGRESSIVE;
				GCC_WARN_UNUSED_FUNCTION = YES;
				GCC_WARN_UNUSED_VARIABLE = YES;
				IPHONEOS_DEPLOYMENT_TARGET = 15.4;
				MTL_ENABLE_DEBUG_INFO = INCLUDE_SOURCE;
				MTL_FAST_MATH = YES;
				ONLY_ACTIVE_ARCH = YES;
				SDKROOT = iphoneos;
				SWIFT_ACTIVE_COMPILATION_CONDITIONS = DEBUG;
				SWIFT_OPTIMIZATION_LEVEL = "-Onone";
			};
			name = Debug;
		};
		4C23AFB728D4AB5D0085AD91 /* Release */ = {
			isa = XCBuildConfiguration;
			buildSettings = {
				ALWAYS_SEARCH_USER_PATHS = NO;
				CLANG_ANALYZER_NONNULL = YES;
				CLANG_ANALYZER_NUMBER_OBJECT_CONVERSION = YES_AGGRESSIVE;
				CLANG_CXX_LANGUAGE_STANDARD = "gnu++17";
				CLANG_ENABLE_MODULES = YES;
				CLANG_ENABLE_OBJC_ARC = YES;
				CLANG_ENABLE_OBJC_WEAK = YES;
				CLANG_WARN_BLOCK_CAPTURE_AUTORELEASING = YES;
				CLANG_WARN_BOOL_CONVERSION = YES;
				CLANG_WARN_COMMA = YES;
				CLANG_WARN_CONSTANT_CONVERSION = YES;
				CLANG_WARN_DEPRECATED_OBJC_IMPLEMENTATIONS = YES;
				CLANG_WARN_DIRECT_OBJC_ISA_USAGE = YES_ERROR;
				CLANG_WARN_DOCUMENTATION_COMMENTS = YES;
				CLANG_WARN_EMPTY_BODY = YES;
				CLANG_WARN_ENUM_CONVERSION = YES;
				CLANG_WARN_INFINITE_RECURSION = YES;
				CLANG_WARN_INT_CONVERSION = YES;
				CLANG_WARN_NON_LITERAL_NULL_CONVERSION = YES;
				CLANG_WARN_OBJC_IMPLICIT_RETAIN_SELF = YES;
				CLANG_WARN_OBJC_LITERAL_CONVERSION = YES;
				CLANG_WARN_OBJC_ROOT_CLASS = YES_ERROR;
				CLANG_WARN_QUOTED_INCLUDE_IN_FRAMEWORK_HEADER = YES;
				CLANG_WARN_RANGE_LOOP_ANALYSIS = YES;
				CLANG_WARN_STRICT_PROTOTYPES = YES;
				CLANG_WARN_SUSPICIOUS_MOVE = YES;
				CLANG_WARN_UNGUARDED_AVAILABILITY = YES_AGGRESSIVE;
				CLANG_WARN_UNREACHABLE_CODE = YES;
				CLANG_WARN__DUPLICATE_METHOD_MATCH = YES;
				COPY_PHASE_STRIP = NO;
				DEBUG_INFORMATION_FORMAT = "dwarf-with-dsym";
				ENABLE_NS_ASSERTIONS = NO;
				ENABLE_STRICT_OBJC_MSGSEND = YES;
				GCC_C_LANGUAGE_STANDARD = gnu11;
				GCC_NO_COMMON_BLOCKS = YES;
				GCC_WARN_64_TO_32_BIT_CONVERSION = YES;
				GCC_WARN_ABOUT_RETURN_TYPE = YES_ERROR;
				GCC_WARN_UNDECLARED_SELECTOR = YES;
				GCC_WARN_UNINITIALIZED_AUTOS = YES_AGGRESSIVE;
				GCC_WARN_UNUSED_FUNCTION = YES;
				GCC_WARN_UNUSED_VARIABLE = YES;
				IPHONEOS_DEPLOYMENT_TARGET = 15.4;
				MTL_ENABLE_DEBUG_INFO = NO;
				MTL_FAST_MATH = YES;
				SDKROOT = iphoneos;
				SWIFT_COMPILATION_MODE = wholemodule;
				SWIFT_OPTIMIZATION_LEVEL = "-O";
				VALIDATE_PRODUCT = YES;
			};
			name = Release;
		};
		4C23AFB928D4AB5D0085AD91 /* Debug */ = {
			isa = XCBuildConfiguration;
			baseConfigurationReference = 41A404D198E8FE8EDB5C40F1 /* Pods-TMDbAlfagift.debug.xcconfig */;
			buildSettings = {
				ASSETCATALOG_COMPILER_APPICON_NAME = AppIcon;
				ASSETCATALOG_COMPILER_GLOBAL_ACCENT_COLOR_NAME = AccentColor;
				CODE_SIGN_STYLE = Automatic;
				CURRENT_PROJECT_VERSION = 1;
				GENERATE_INFOPLIST_FILE = YES;
				INFOPLIST_FILE = TMDbAlfagift/Info.plist;
				INFOPLIST_KEY_UIApplicationSupportsIndirectInputEvents = YES;
				INFOPLIST_KEY_UILaunchStoryboardName = LaunchScreen;
				INFOPLIST_KEY_UISupportedInterfaceOrientations_iPad = "UIInterfaceOrientationPortrait UIInterfaceOrientationPortraitUpsideDown UIInterfaceOrientationLandscapeLeft UIInterfaceOrientationLandscapeRight";
				INFOPLIST_KEY_UISupportedInterfaceOrientations_iPhone = "UIInterfaceOrientationPortrait UIInterfaceOrientationLandscapeLeft UIInterfaceOrientationLandscapeRight";
				LD_RUNPATH_SEARCH_PATHS = (
					"$(inherited)",
					"@executable_path/Frameworks",
				);
				MARKETING_VERSION = 1.0;
				PRODUCT_BUNDLE_IDENTIFIER = com.michaell.TMDbAlfagift;
				PRODUCT_NAME = "$(TARGET_NAME)";
				SWIFT_EMIT_LOC_STRINGS = YES;
				SWIFT_VERSION = 5.0;
				TARGETED_DEVICE_FAMILY = "1,2";
			};
			name = Debug;
		};
		4C23AFBA28D4AB5D0085AD91 /* Release */ = {
			isa = XCBuildConfiguration;
			baseConfigurationReference = 54AF733333AF20B96196C0B3 /* Pods-TMDbAlfagift.release.xcconfig */;
			buildSettings = {
				ASSETCATALOG_COMPILER_APPICON_NAME = AppIcon;
				ASSETCATALOG_COMPILER_GLOBAL_ACCENT_COLOR_NAME = AccentColor;
				CODE_SIGN_STYLE = Automatic;
				CURRENT_PROJECT_VERSION = 1;
				GENERATE_INFOPLIST_FILE = YES;
				INFOPLIST_FILE = TMDbAlfagift/Info.plist;
				INFOPLIST_KEY_UIApplicationSupportsIndirectInputEvents = YES;
				INFOPLIST_KEY_UILaunchStoryboardName = LaunchScreen;
				INFOPLIST_KEY_UISupportedInterfaceOrientations_iPad = "UIInterfaceOrientationPortrait UIInterfaceOrientationPortraitUpsideDown UIInterfaceOrientationLandscapeLeft UIInterfaceOrientationLandscapeRight";
				INFOPLIST_KEY_UISupportedInterfaceOrientations_iPhone = "UIInterfaceOrientationPortrait UIInterfaceOrientationLandscapeLeft UIInterfaceOrientationLandscapeRight";
				LD_RUNPATH_SEARCH_PATHS = (
					"$(inherited)",
					"@executable_path/Frameworks",
				);
				MARKETING_VERSION = 1.0;
				PRODUCT_BUNDLE_IDENTIFIER = com.michaell.TMDbAlfagift;
				PRODUCT_NAME = "$(TARGET_NAME)";
				SWIFT_EMIT_LOC_STRINGS = YES;
				SWIFT_VERSION = 5.0;
				TARGETED_DEVICE_FAMILY = "1,2";
			};
			name = Release;
		};
		4C23AFBC28D4AB5D0085AD91 /* Debug */ = {
			isa = XCBuildConfiguration;
			baseConfigurationReference = F13DC50A281BCBFB984DCF4E /* Pods-TMDbAlfagiftTests.debug.xcconfig */;
			buildSettings = {
				ALWAYS_EMBED_SWIFT_STANDARD_LIBRARIES = YES;
				BUNDLE_LOADER = "$(TEST_HOST)";
				CODE_SIGN_STYLE = Automatic;
				CURRENT_PROJECT_VERSION = 1;
				GENERATE_INFOPLIST_FILE = YES;
				IPHONEOS_DEPLOYMENT_TARGET = 15.4;
				MARKETING_VERSION = 1.0;
				PRODUCT_BUNDLE_IDENTIFIER = com.michaell.TMDbAlfagiftTests;
				PRODUCT_NAME = "$(TARGET_NAME)";
				SWIFT_EMIT_LOC_STRINGS = NO;
				SWIFT_VERSION = 5.0;
				TARGETED_DEVICE_FAMILY = "1,2";
				TEST_HOST = "$(BUILT_PRODUCTS_DIR)/TMDbAlfagift.app/TMDbAlfagift";
			};
			name = Debug;
		};
		4C23AFBD28D4AB5D0085AD91 /* Release */ = {
			isa = XCBuildConfiguration;
			baseConfigurationReference = 6EB5F665C2300BC4C7E97BE7 /* Pods-TMDbAlfagiftTests.release.xcconfig */;
			buildSettings = {
				ALWAYS_EMBED_SWIFT_STANDARD_LIBRARIES = YES;
				BUNDLE_LOADER = "$(TEST_HOST)";
				CODE_SIGN_STYLE = Automatic;
				CURRENT_PROJECT_VERSION = 1;
				GENERATE_INFOPLIST_FILE = YES;
				IPHONEOS_DEPLOYMENT_TARGET = 15.4;
				MARKETING_VERSION = 1.0;
				PRODUCT_BUNDLE_IDENTIFIER = com.michaell.TMDbAlfagiftTests;
				PRODUCT_NAME = "$(TARGET_NAME)";
				SWIFT_EMIT_LOC_STRINGS = NO;
				SWIFT_VERSION = 5.0;
				TARGETED_DEVICE_FAMILY = "1,2";
				TEST_HOST = "$(BUILT_PRODUCTS_DIR)/TMDbAlfagift.app/TMDbAlfagift";
			};
			name = Release;
		};
		4C23AFBF28D4AB5D0085AD91 /* Debug */ = {
			isa = XCBuildConfiguration;
			baseConfigurationReference = D426357566A66A92797AAE5F /* Pods-TMDbAlfagift-TMDbAlfagiftUITests.debug.xcconfig */;
			buildSettings = {
				ALWAYS_EMBED_SWIFT_STANDARD_LIBRARIES = YES;
				CODE_SIGN_STYLE = Automatic;
				CURRENT_PROJECT_VERSION = 1;
				GENERATE_INFOPLIST_FILE = YES;
				MARKETING_VERSION = 1.0;
				PRODUCT_BUNDLE_IDENTIFIER = com.michaell.TMDbAlfagiftUITests;
				PRODUCT_NAME = "$(TARGET_NAME)";
				SWIFT_EMIT_LOC_STRINGS = NO;
				SWIFT_VERSION = 5.0;
				TARGETED_DEVICE_FAMILY = "1,2";
				TEST_TARGET_NAME = TMDbAlfagift;
			};
			name = Debug;
		};
		4C23AFC028D4AB5D0085AD91 /* Release */ = {
			isa = XCBuildConfiguration;
			baseConfigurationReference = A018FC42BE769865537C96DC /* Pods-TMDbAlfagift-TMDbAlfagiftUITests.release.xcconfig */;
			buildSettings = {
				ALWAYS_EMBED_SWIFT_STANDARD_LIBRARIES = YES;
				CODE_SIGN_STYLE = Automatic;
				CURRENT_PROJECT_VERSION = 1;
				GENERATE_INFOPLIST_FILE = YES;
				MARKETING_VERSION = 1.0;
				PRODUCT_BUNDLE_IDENTIFIER = com.michaell.TMDbAlfagiftUITests;
				PRODUCT_NAME = "$(TARGET_NAME)";
				SWIFT_EMIT_LOC_STRINGS = NO;
				SWIFT_VERSION = 5.0;
				TARGETED_DEVICE_FAMILY = "1,2";
				TEST_TARGET_NAME = TMDbAlfagift;
			};
			name = Release;
		};
/* End XCBuildConfiguration section */

/* Begin XCConfigurationList section */
		4C23AF8928D4AB5A0085AD91 /* Build configuration list for PBXProject "TMDbAlfagift" */ = {
			isa = XCConfigurationList;
			buildConfigurations = (
				4C23AFB628D4AB5D0085AD91 /* Debug */,
				4C23AFB728D4AB5D0085AD91 /* Release */,
			);
			defaultConfigurationIsVisible = 0;
			defaultConfigurationName = Release;
		};
		4C23AFB828D4AB5D0085AD91 /* Build configuration list for PBXNativeTarget "TMDbAlfagift" */ = {
			isa = XCConfigurationList;
			buildConfigurations = (
				4C23AFB928D4AB5D0085AD91 /* Debug */,
				4C23AFBA28D4AB5D0085AD91 /* Release */,
			);
			defaultConfigurationIsVisible = 0;
			defaultConfigurationName = Release;
		};
		4C23AFBB28D4AB5D0085AD91 /* Build configuration list for PBXNativeTarget "TMDbAlfagiftTests" */ = {
			isa = XCConfigurationList;
			buildConfigurations = (
				4C23AFBC28D4AB5D0085AD91 /* Debug */,
				4C23AFBD28D4AB5D0085AD91 /* Release */,
			);
			defaultConfigurationIsVisible = 0;
			defaultConfigurationName = Release;
		};
		4C23AFBE28D4AB5D0085AD91 /* Build configuration list for PBXNativeTarget "TMDbAlfagiftUITests" */ = {
			isa = XCConfigurationList;
			buildConfigurations = (
				4C23AFBF28D4AB5D0085AD91 /* Debug */,
				4C23AFC028D4AB5D0085AD91 /* Release */,
			);
			defaultConfigurationIsVisible = 0;
			defaultConfigurationName = Release;
		};
/* End XCConfigurationList section */
	};
	rootObject = 4C23AF8628D4AB5A0085AD91 /* Project object */;
}
